github.com/davecgh/go-spew v1.1.1 h1:vj9j/u1bqnvCEfJOwUhtlOARqs3+rkHYY13jYWTU97c=
github.com/gorilla/websocket v1.5.1 h1:gmztn0JnHVt9JZquRuzLw3g4wouNVzKL15iLr/zn/QY=
github.com/gorilla/websocket v1.5.1/go.mod h1:x3kM2JMyaluk02fnUJpQuwD2dCS5NDG2ZHL0uE0tcaY=
github.com/hashicorp/errwrap v1.0.0/go.mod h1:YH+1FKiLXxHSkmPseP+kNlulaMuP3n2brvKWEqk/Jc4=
github.com/hashicorp/errwrap v1.1.0 h1:OxrOeh75EUXMY8TBjag2fzXGZ40LB6IKw45YeGUDY2I=
github.com/hashicorp/errwrap v1.1.0/go.mod h1:YH+1FKiLXxHSkmPseP+kNlulaMuP3n2brvKWEqk/Jc4=
github.com/hashicorp/go-multierror v1.1.1 h1:H5DkEtf6CXdFp0N0Em5UCwQpXMWke8IA0+lD48awMYo=
github.com/hashicorp/go-multierror v1.1.1/go.mod h1:iw975J/qwKPdAO1clOe2L8331t/9/fmwbPZ6JB6eMoM=
github.com/mjwhitta/cli v1.12.0 h1:zqJP3qiEtWrDZ3wQodZ/xh+F8JDA3uHksvVCleZ7NM0=
github.com/mjwhitta/cli v1.12.0/go.mod h1:NnyhgKZy85L4PVuZBC+gi2b8bSty0lglc/0jyWAHdUw=
github.com/mjwhitta/errors v1.0.2 h1:5QmN4kKfFwYiSsdASDmoi3ie7HesdU7pNDqlhXE9nuU=
github.com/mjwhitta/errors v1.0.2/go.mod h1:VxHM8bLMPVqkvHiYQq4Nq4sjNqPjUtKLhSF2I0wve5U=
github.com/mjwhitta/ftp v0.3.3 h1:MmsqR6iqfByvU+zVuk8HhKlByxJZJbGilRoeBsPIAi0=
github.com/mjwhitta/ftp v0.3.3/go.mod h1:RwQUcEuGGn1DMfuwf+47Ncevr4BmG/css7ICiFEhV3c=
github.com/mjwhitta/hilighter v1.11.4 h1:o+F3Zrfg+qeDe+iRl91C+9LyuCLl5bChhcozorltGQg=
github.com/mjwhitta/hilighter v1.11.4/go.mod h1:kZL6BcRWK87Ln/y84Ec5ftRYPyKG1daDi3pDP34o7T0=
github.com/mjwhitta/log v1.6.5 h1:Js7V1L2Y3OUAWnykng8NEfSW9lrKOdy1TedLJ2KBCXI=
github.com/mjwhitta/log v1.6.5/go.mod h1:fr5iTTV6OJIzn7fxvjyMbSp/Tq64hgt2K3yXvPjAqq8=
github.com/mjwhitta/pathname v1.2.5 h1:wSUZGv+mCrmndNkX2uak8XMZhkXXbgjYG/dMclGKrUE=
github.com/mjwhitta/pathname v1.2.5/go.mod h1:t0k8GIucdXPKhiKyV4aAWtBA9LhLB7mV50DJlhrMpog=
github.com/mjwhitta/safety v1.11.3 h1:dpg6CIQrlrt8yf/cXEdhPI+vRV6g/cRw8uO/TmUK1Mg=
github.com/mjwhitta/safety v1.11.3/go.mod h1:K/LrHWgnJlD5vCe0c9tH4E2prhl4Xpl6nBelXAvuXo0=
github.com/mjwhitta/threadpool v1.5.1 h1:NieZNDsVbPuAMfF1j83y5zWBKyviq1s26Yd8Us1ISY8=
github.com/mjwhitta/threadpool v1.5.1/go.mod h1:2MsfTQKzgENLTlw45Pt34hJpX3TNT39+7lGsFftwa7Q=
github.com/mjwhitta/win v0.12.0 h1:sTdZdlTR3pohlFZgHn62wzVI/SxGJMbSi/6sh0TRAMo=
github.com/mjwhitta/win v0.12.0/go.mod h1:8pxUv5r+2ekZi1zwbhbbtixWJ6pMMpA2QnEkdikd72s=
github.com/pmezard/go-difflib v1.0.0 h1:4DBwDE0NGyQoBHbLQYPwSUPoCMWR5BEzIk/f1lZbAQM=
github.com/stretchr/testify v1.8.4 h1:CcVxjf3Q8PM0mHUKJCdn+eZZtm5yQwehR5yeSVQQcUk=
golang.org/x/net v0.17.0 h1:pVaXccu2ozPjCXewfr1S7xza/zcXTity9cCdXQYSjIM=
golang.org/x/net v0.17.0/go.mod h1:NxSsAGuq816PNPmqtQdLE42eU2Fs7NoRIZrHJAlaCOE=
golang.org/x/sys v0.15.0 h1:h48lPFYpsTvQJZF4EKyI4aLHaev3CxivZmv7yZig9pc=
golang.org/x/sys v0.15.0/go.mod h1:/VUhepiaJMQUp4+oa/7Zr1D23ma6VTLIYjOOTFZPUcA=
gopkg.in/yaml.v3 v3.0.1 h1:fxVm/GzAzEWqLHuvctI91KS9hhNmmWOoWu0XTYJS7CA=
