github.com/davecgh/go-spew v1.1.0 h1:ZDRjVQ15GmhC3fiQ8ni8+OwkZQO4DARzQgrnXU1Liz8=
github.com/davecgh/go-spew v1.1.0/go.mod h1:J7Y8YcW2NihsgmVo/mv3lAwl/skON4iLHjSsI+c5H38=
github.com/gorilla/websocket v1.4.2 h1:+/TMaTYc4QFitKJxsQ7Yye35DkWvkdLcvGKqM+x0Ufc=
github.com/gorilla/websocket v1.4.2/go.mod h1:YR8l580nyteQvAITg2hZ9XVh4b55+EU/adAjf1fMHhE=
github.com/mjwhitta/ftp v0.3.1 h1:8vuX5P/bIQlNABkR43PX57iEPC/8i2OJ5A8HqHfUt0M=
github.com/mjwhitta/ftp v0.3.1/go.mod h1:ax7MegpgbxLbFHubyEOc7Ebv29ooku0S2tKCQkJ1FwA=
github.com/pmezard/go-difflib v1.0.0 h1:4DBwDE0NGyQoBHbLQYPwSUPoCMWR5BEzIk/f1lZbAQM=
github.com/pmezard/go-difflib v1.0.0/go.mod h1:iKH77koFhYxTK1pcRnkKkqfTogsbg7gZNVY4sRDYZ/4=
github.com/stretchr/objx v0.1.0/go.mod h1:HFkY916IF+rwdDfMAkV7OtwuqBVzrE8GR6GFx+wExME=
github.com/stretchr/testify v1.6.1 h1:hDPOHmpOpP40lSULcqw7IrRb/u7w6RpDC9399XyoNd0=
github.com/stretchr/testify v1.6.1/go.mod h1:6Fq8oRcR53rry900zMqJjRRixrwX3KX962/h/Wwjteg=
gitlab.com/mjwhitta/cli v1.8.0 h1:o1u9B9tGOfakhqX3nVBAT7DLS1Ug95Cez9DGwwLrewE=
gitlab.com/mjwhitta/cli v1.8.0/go.mod h1:0nzOLJZWsbgzJp/EQoLHcCLvKXX/iakyOZIqg94xAzo=
gitlab.com/mjwhitta/hilighter v1.9.1 h1:YlUCB1jWYVtwwfQ4DFvwXULmvH3Bu9ELlTkS5+jzZgQ=
gitlab.com/mjwhitta/hilighter v1.9.1/go.mod h1:/hkHOgezVQbk/eoif5CRCK2/N0aeEK40VQh8znGsjpE=
gitlab.com/mjwhitta/log v1.4.3 h1:RypTHwMjNejnYi0NLLKEI347/g/7XI5MqEnSgCh6J48=
gitlab.com/mjwhitta/log v1.4.3/go.mod h1:iOdtHoTqI7dSVZMazfnz8Ap5GPHNHkeuzzJO2DNAAYU=
gitlab.com/mjwhitta/pathname v1.0.8 h1:hyycAuCgrNod6GKy44zI4os/irpsNSbAtZh57okY4Rw=
gitlab.com/mjwhitta/pathname v1.0.8/go.mod h1:OduXtPfsuCk5BMEWuDV3ipTnfyFDaFjHEmUzDWH9bss=
gitlab.com/mjwhitta/safety v1.7.0 h1:0Kk0rcb3l22H01lThMPbOF0x1qNNpwjY3tNRoVU4VYY=
gitlab.com/mjwhitta/safety v1.7.0/go.mod h1:TXHylQtFRnA/cxjtPjiConVT29/288rm1eQRGOqzckM=
gitlab.com/mjwhitta/threadpool v1.2.0 h1:J5xOxDx5X6C/4nSenAy/3tWdbyRpIOvoFQWF08rUTd8=
gitlab.com/mjwhitta/threadpool v1.2.0/go.mod h1:2fSj7Psi52Ymza9kudtRo61wj2Uib2mYQTISY4iYG4Y=
gitlab.com/mjwhitta/win v0.6.1 h1:kDVViqph5KgnQcV+zrzSRdgW/n1mNnACOTX5fJMurNE=
gitlab.com/mjwhitta/win v0.6.1/go.mod h1:b8m3d6J6Uf8Mh3snPfhYFCtW80rqlFjj0B1hjPZY3WA=
golang.org/x/sys v0.0.0-20210611083646-a4fc73990273 h1:faDu4veV+8pcThn4fewv6TVlNCezafGoC1gM/mxQLbQ=
golang.org/x/sys v0.0.0-20210611083646-a4fc73990273/go.mod h1:oPkhp1MJrh7nUepCBck5+mAzfO9JrbApNNgaTdGDITg=
gopkg.in/check.v1 v0.0.0-20161208181325-20d25e280405 h1:yhCVgyC4o1eVCa2tZl7eS0r+SDo693bJlVdllGtEeKM=
gopkg.in/check.v1 v0.0.0-20161208181325-20d25e280405/go.mod h1:Co6ibVJAznAaIkqp8huTwlJQCZ016jof/cbN4VW5Yz0=
gopkg.in/yaml.v3 v3.0.0-20200313102051-9f266ea9e77c h1:dUUwHk2QECo/6vqA44rthZ8ie2QXMNeKRTHCNY2nXvo=
gopkg.in/yaml.v3 v3.0.0-20200313102051-9f266ea9e77c/go.mod h1:K4uyk7z7BCEPqu6E+C64Yfv1cQ7kz7rIZviUmN+EgEM=
