github.com/davecgh/go-spew v1.1.0/go.mod h1:J7Y8YcW2NihsgmVo/mv3lAwl/skON4iLHjSsI+c5H38=
github.com/davecgh/go-spew v1.1.1 h1:vj9j/u1bqnvCEfJOwUhtlOARqs3+rkHYY13jYWTU97c=
github.com/gorilla/websocket v1.5.0 h1:PPwGk2jz7EePpoHN/+ClbZu8SPxiqlu12wZP/3sWmnc=
github.com/gorilla/websocket v1.5.0/go.mod h1:YR8l580nyteQvAITg2hZ9XVh4b55+EU/adAjf1fMHhE=
github.com/mjwhitta/cli v1.10.1 h1:Da63yUFyWI8tmyx5L3EH55YRKTE0u6VGFusjxlyzqKc=
github.com/mjwhitta/cli v1.10.1/go.mod h1:65S6kvxR4eYc4IibAI8WxSktIunCZpdet0XaMI2DEws=
github.com/mjwhitta/errors v1.0.1 h1:f12gpCh23cfzXUgtlZBWGs387ZJeEeOemv7hLSvBAx0=
github.com/mjwhitta/errors v1.0.1/go.mod h1:VxHM8bLMPVqkvHiYQq4Nq4sjNqPjUtKLhSF2I0wve5U=
github.com/mjwhitta/ftp v0.3.2 h1:2itpWF3Ur+O9TAplFopqvoNBHmvy1pQIqmoPdGBSERA=
github.com/mjwhitta/ftp v0.3.2/go.mod h1:ax7MegpgbxLbFHubyEOc7Ebv29ooku0S2tKCQkJ1FwA=
github.com/mjwhitta/hilighter v1.11.2 h1:RKl9BeBjHWNacbQuR3F4yzfUEr1krLwjgFsDI9ZuyZo=
github.com/mjwhitta/hilighter v1.11.2/go.mod h1:0Yzfon7qT8oTfofbA+SGaB21GQshjlOgwDEF6xuCyVc=
github.com/mjwhitta/log v1.6.3 h1:dY0d9duROyuKytPGCZeC7QZvoLxgvnT/Q8nNFT8V4eI=
github.com/mjwhitta/log v1.6.3/go.mod h1:1GbElSBgBrnzGBa6m/tRuOd0E89QnoPSDpmnN7FdtmE=
github.com/mjwhitta/pathname v1.2.3 h1:SXkIPnvEyFZyY4Jnv4DlzDcE+EdYFiDDxyFaZ/1sAt8=
github.com/mjwhitta/pathname v1.2.3/go.mod h1:uNt88tqjIY6UB4h1tl3LozHqF7Gdy24Mh7h6YIn/u8s=
github.com/mjwhitta/safety v1.11.2 h1:B3/OO4hOvGvqruSuws4Wcw4+oS3yk3Mo0JV1ylswRyY=
github.com/mjwhitta/safety v1.11.2/go.mod h1:gHrH/EGuzgyTCVvyEopBtXWedRfprip7NCev+gqG2Vg=
github.com/mjwhitta/threadpool v1.4.1 h1:3PhuzE+Pago2h7CFulVmSasV2WDJzL4xrNprZ5A4hpo=
github.com/mjwhitta/threadpool v1.4.1/go.mod h1:bsOMUrLt1rM+Uly4RMN/KKuwG3YjAticjCXRFElZ8vs=
github.com/mjwhitta/win v0.10.5 h1:t0vQIykZpcEKH6iIDjlUr7nZfwIftY1CLWNazgU6Vxc=
github.com/mjwhitta/win v0.10.5/go.mod h1:xY+T+WRoITjvMtSZL9gOYdEffvD+6NssGyTZYNiYl1g=
github.com/pmezard/go-difflib v1.0.0 h1:4DBwDE0NGyQoBHbLQYPwSUPoCMWR5BEzIk/f1lZbAQM=
github.com/pmezard/go-difflib v1.0.0/go.mod h1:iKH77koFhYxTK1pcRnkKkqfTogsbg7gZNVY4sRDYZ/4=
github.com/stretchr/objx v0.1.0/go.mod h1:HFkY916IF+rwdDfMAkV7OtwuqBVzrE8GR6GFx+wExME=
github.com/stretchr/testify v1.6.1/go.mod h1:6Fq8oRcR53rry900zMqJjRRixrwX3KX962/h/Wwjteg=
github.com/stretchr/testify v1.8.1 h1:w7B6lhMri9wdJUVmEZPGGhZzrYTPvgJArz7wNPgYKsk=
golang.org/x/sys v0.4.0 h1:Zr2JFtRQNX3BCZ8YtxRE9hNJYC8J6I1MVbMg6owUp18=
golang.org/x/sys v0.4.0/go.mod h1:oPkhp1MJrh7nUepCBck5+mAzfO9JrbApNNgaTdGDITg=
gopkg.in/check.v1 v0.0.0-20161208181325-20d25e280405/go.mod h1:Co6ibVJAznAaIkqp8huTwlJQCZ016jof/cbN4VW5Yz0=
gopkg.in/yaml.v3 v3.0.0-20200313102051-9f266ea9e77c/go.mod h1:K4uyk7z7BCEPqu6E+C64Yfv1cQ7kz7rIZviUmN+EgEM=
gopkg.in/yaml.v3 v3.0.1 h1:fxVm/GzAzEWqLHuvctI91KS9hhNmmWOoWu0XTYJS7CA=
